
Microsoft Visual Studio Solution File, Format Version 12.00
# Visual Studio Version 16
VisualStudioVersion = 16.0.30503.244
MinimumVisualStudioVersion = 10.0.40219.1
Project("{FAE04EC0-301F-11D3-BF4B-00C04F79EFBC}") = "VuelaLibre", "VuelaLibre\VuelaLibre.csproj", "{8AE3E649-C718-42B3-A512-3A135CEB68D7}"
EndProject
Global
	GlobalSection(SolutionConfigurationPlatforms) = preSolution
		Debug|Any CPU = Debug|Any CPU
		Release|Any CPU = Release|Any CPU
	EndGlobalSection
	GlobalSection(ProjectConfigurationPlatforms) = postSolution
		{8AE3E649-C718-42B3-A512-3A135CEB68D7}.Debug|Any CPU.ActiveCfg = Debug|Any CPU
		{8AE3E649-C718-42B3-A512-3A135CEB68D7}.Debug|Any CPU.Build.0 = Debug|Any CPU
		{8AE3E649-C718-42B3-A512-3A135CEB68D7}.Release|Any CPU.ActiveCfg = Release|Any CPU
		{8AE3E649-C718-42B3-A512-3A135CEB68D7}.Release|Any CPU.Build.0 = Release|Any CPU
	EndGlobalSection
	GlobalSection(SolutionProperties) = preSolution
		HideSolutionNode = FALSE
	EndGlobalSection
	GlobalSection(ExtensibilityGlobals) = postSolution
		SolutionGuid = {8E8057E7-3ACC-4D53-A63E-2CA097C767DD}
	EndGlobalSection
EndGlobal
